{
  "name": "avatar-to-gif",
  "version": "0.0.1",
  "lockfileVersion": 2,
  "requires": true,
  "packages": {
    "": {
      "name": "avatar-to-gif",
      "version": "0.0.1",
      "dependencies": {
        "make-a-gif": "^4.1.2",
        "minimist": "^1.2.6"
      }
    },
    "node_modules/centra": {
      "version": "2.5.0",
      "resolved": "https://registry.npmjs.org/centra/-/centra-2.5.0.tgz",
      "integrity": "sha512-CnSF1HD8vOOgNbE4P2fZEhdhfAohvpcF3DSdSvEcSHDAZvr+Xfw73isT8SXJJc3VMBqSwjXhr29/ikHUgFcypg=="
    },
    "node_modules/imagescript": {
      "version": "1.2.9",
      "resolved": "git+ssh://git@github.com/matmen/ImageScript.git#e46e0d149537f76cbeb9b0c17f5412d07747012b",
      "license": "GPL-3.0-or-later",
      "engines": {
        "node": ">=14.0.0"
      }
    },
    "node_modules/make-a-gif": {
      "version": "4.1.2",
      "resolved": "https://registry.npmjs.org/make-a-gif/-/make-a-gif-4.1.2.tgz",
      "integrity": "sha512-jxmCvHSs41dtExuuaUKxdfWk+3IrGRpt98O9Z0cwI2IU6odIqLjVKTwAiVDyxYAktkOV+f8Tww4mYqwde4ryWw==",
      "dependencies": {
        "imagescript": "github:matmen/ImageScript",
        "phin": "^3.6.1"
      }
    },
    "node_modules/minimist": {
      "version": "1.2.6",
      "resolved": "https://registry.npmjs.org/minimist/-/minimist-1.2.6.tgz",
      "integrity": "sha512-Jsjnk4bw3YJqYzbdyBiNsPWHPfO++UGG749Cxs6peCu5Xg4nrena6OVxOYxrQTqww0Jmwt+Ref8rggumkTLz9Q=="
    },
    "node_modules/phin": {
      "version": "3.6.1",
      "resolved": "https://registry.npmjs.org/phin/-/phin-3.6.1.tgz",
      "integrity": "sha512-ubcFKk2jRr2WUJEh+QpMkCgOQansJDuIShKbsjpejeyI/aOMLrAf0TaisbMjKwTq9CsypFFJqUaN9ZSRmBJLPw==",
      "dependencies": {
        "centra": "^2.4.2"
      },
      "engines": {
        "node": ">= 8"
      }
    }
  },
  "dependencies": {
    "centra": {
      "version": "2.5.0",
      "resolved": "https://registry.npmjs.org/centra/-/centra-2.5.0.tgz",
      "integrity": "sha512-CnSF1HD8vOOgNbE4P2fZEhdhfAohvpcF3DSdSvEcSHDAZvr+Xfw73isT8SXJJc3VMBqSwjXhr29/ikHUgFcypg=="
    },
    "imagescript": {
      "version": "git+ssh://git@github.com/matmen/ImageScript.git#e46e0d149537f76cbeb9b0c17f5412d07747012b",
      "from": "imagescript@github:matmen/ImageScript"
    },
    "make-a-gif": {
      "version": "4.1.2",
      "resolved": "https://registry.npmjs.org/make-a-gif/-/make-a-gif-4.1.2.tgz",
      "integrity": "sha512-jxmCvHSs41dtExuuaUKxdfWk+3IrGRpt98O9Z0cwI2IU6odIqLjVKTwAiVDyxYAktkOV+f8Tww4mYqwde4ryWw==",
      "requires": {
        "imagescript": "github:matmen/ImageScript",
        "phin": "^3.6.1"
      }
    },
    "minimist": {
      "version": "1.2.6",
      "resolved": "https://registry.npmjs.org/minimist/-/minimist-1.2.6.tgz",
      "integrity": "sha512-Jsjnk4bw3YJqYzbdyBiNsPWHPfO++UGG749Cxs6peCu5Xg4nrena6OVxOYxrQTqww0Jmwt+Ref8rggumkTLz9Q=="
    },
    "phin": {
      "version": "3.6.1",
      "resolved": "https://registry.npmjs.org/phin/-/phin-3.6.1.tgz",
      "integrity": "sha512-ubcFKk2jRr2WUJEh+QpMkCgOQansJDuIShKbsjpejeyI/aOMLrAf0TaisbMjKwTq9CsypFFJqUaN9ZSRmBJLPw==",
      "requires": {
        "centra": "^2.4.2"
      }
    }
  }
}
